// !$*UTF8*$!
{
	archiveVersion = 1;
	classes = {
	};
	objectVersion = 50;
	objects = {

/* Begin PBXBuildFile section */
		F2D03DD72510F59C00E140F0 /* QuizTDDEngine.framework in Frameworks */ = {isa = PBXBuildFile; fileRef = F2D03DCD2510F59C00E140F0 /* QuizTDDEngine.framework */; };
		F2D03DE92510F89800E140F0 /* FlowTest.swift in Sources */ = {isa = PBXBuildFile; fileRef = F2D03DE82510F89800E140F0 /* FlowTest.swift */; };
		F2D03DEB2510FC5000E140F0 /* Flow.swift in Sources */ = {isa = PBXBuildFile; fileRef = F2D03DEA2510FC5000E140F0 /* Flow.swift */; };
/* End PBXBuildFile section */

/* Begin PBXContainerItemProxy section */
		F2D03DD82510F59C00E140F0 /* PBXContainerItemProxy */ = {
			isa = PBXContainerItemProxy;
			containerPortal = F2D03DC42510F59C00E140F0 /* Project object */;
			proxyType = 1;
			remoteGlobalIDString = F2D03DCC2510F59C00E140F0;
			remoteInfo = QuizTDDEngine;
		};
/* End PBXContainerItemProxy section */

/* Begin PBXFileReference section */
		F2D03DCD2510F59C00E140F0 /* QuizTDDEngine.framework */ = {isa = PBXFileReference; explicitFileType = wrapper.framework; includeInIndex = 0; path = QuizTDDEngine.framework; sourceTree = BUILT_PRODUCTS_DIR; };
		F2D03DD12510F59C00E140F0 /* Info.plist */ = {isa = PBXFileReference; lastKnownFileType = text.plist.xml; path = Info.plist; sourceTree = "<group>"; };
		F2D03DD62510F59C00E140F0 /* QuizTDDEngineTests.xctest */ = {isa = PBXFileReference; explicitFileType = wrapper.cfbundle; includeInIndex = 0; path = QuizTDDEngineTests.xctest; sourceTree = BUILT_PRODUCTS_DIR; };
		F2D03DDD2510F59C00E140F0 /* Info.plist */ = {isa = PBXFileReference; lastKnownFileType = text.plist.xml; path = Info.plist; sourceTree = "<group>"; };
		F2D03DE72510F89800E140F0 /* QuizTDDEngineTests-Bridging-Header.h */ = {isa = PBXFileReference; lastKnownFileType = sourcecode.c.h; path = "QuizTDDEngineTests-Bridging-Header.h"; sourceTree = "<group>"; };
		F2D03DE82510F89800E140F0 /* FlowTest.swift */ = {isa = PBXFileReference; lastKnownFileType = sourcecode.swift; path = FlowTest.swift; sourceTree = "<group>"; };
		F2D03DEA2510FC5000E140F0 /* Flow.swift */ = {isa = PBXFileReference; lastKnownFileType = sourcecode.swift; path = Flow.swift; sourceTree = "<group>"; };
/* End PBXFileReference section */

/* Begin PBXFrameworksBuildPhase section */
		F2D03DCA2510F59C00E140F0 /* Frameworks */ = {
			isa = PBXFrameworksBuildPhase;
			buildActionMask = 2147483647;
			files = (
			);
			runOnlyForDeploymentPostprocessing = 0;
		};
		F2D03DD32510F59C00E140F0 /* Frameworks */ = {
			isa = PBXFrameworksBuildPhase;
			buildActionMask = 2147483647;
			files = (
				F2D03DD72510F59C00E140F0 /* QuizTDDEngine.framework in Frameworks */,
			);
			runOnlyForDeploymentPostprocessing = 0;
		};
/* End PBXFrameworksBuildPhase section */

/* Begin PBXGroup section */
		F2D03DC32510F59C00E140F0 = {
			isa = PBXGroup;
			children = (
				F2D03DCF2510F59C00E140F0 /* QuizTDDEngine */,
				F2D03DDA2510F59C00E140F0 /* QuizTDDEngineTests */,
				F2D03DCE2510F59C00E140F0 /* Products */,
			);
			sourceTree = "<group>";
		};
		F2D03DCE2510F59C00E140F0 /* Products */ = {
			isa = PBXGroup;
			children = (
				F2D03DCD2510F59C00E140F0 /* QuizTDDEngine.framework */,
				F2D03DD62510F59C00E140F0 /* QuizTDDEngineTests.xctest */,
			);
			name = Products;
			sourceTree = "<group>";
		};
		F2D03DCF2510F59C00E140F0 /* QuizTDDEngine */ = {
			isa = PBXGroup;
			children = (
				F2D03DD12510F59C00E140F0 /* Info.plist */,
				F2D03DEA2510FC5000E140F0 /* Flow.swift */,
			);
			path = QuizTDDEngine;
			sourceTree = "<group>";
		};
		F2D03DDA2510F59C00E140F0 /* QuizTDDEngineTests */ = {
			isa = PBXGroup;
			children = (
				F2D03DDD2510F59C00E140F0 /* Info.plist */,
				F2D03DE82510F89800E140F0 /* FlowTest.swift */,
				F2D03DE72510F89800E140F0 /* QuizTDDEngineTests-Bridging-Header.h */,
			);
			path = QuizTDDEngineTests;
			sourceTree = "<group>";
		};
/* End PBXGroup section */

/* Begin PBXHeadersBuildPhase section */
		F2D03DC82510F59C00E140F0 /* Headers */ = {
			isa = PBXHeadersBuildPhase;
			buildActionMask = 2147483647;
			files = (
			);
			runOnlyForDeploymentPostprocessing = 0;
		};
/* End PBXHeadersBuildPhase section */

/* Begin PBXNativeTarget section */
		F2D03DCC2510F59C00E140F0 /* QuizTDDEngine */ = {
			isa = PBXNativeTarget;
			buildConfigurationList = F2D03DE12510F59C00E140F0 /* Build configuration list for PBXNativeTarget "QuizTDDEngine" */;
			buildPhases = (
				F2D03DC82510F59C00E140F0 /* Headers */,
				F2D03DC92510F59C00E140F0 /* Sources */,
				F2D03DCA2510F59C00E140F0 /* Frameworks */,
				F2D03DCB2510F59C00E140F0 /* Resources */,
			);
			buildRules = (
			);
			dependencies = (
			);
			name = QuizTDDEngine;
			productName = QuizTDDEngine;
			productReference = F2D03DCD2510F59C00E140F0 /* QuizTDDEngine.framework */;
			productType = "com.apple.product-type.framework";
		};
		F2D03DD52510F59C00E140F0 /* QuizTDDEngineTests */ = {
			isa = PBXNativeTarget;
			buildConfigurationList = F2D03DE42510F59C00E140F0 /* Build configuration list for PBXNativeTarget "QuizTDDEngineTests" */;
			buildPhases = (
				F2D03DD22510F59C00E140F0 /* Sources */,
				F2D03DD32510F59C00E140F0 /* Frameworks */,
				F2D03DD42510F59C00E140F0 /* Resources */,
			);
			buildRules = (
			);
			dependencies = (
				F2D03DD92510F59C00E140F0 /* PBXTargetDependency */,
			);
			name = QuizTDDEngineTests;
			productName = QuizTDDEngineTests;
			productReference = F2D03DD62510F59C00E140F0 /* QuizTDDEngineTests.xctest */;
			productType = "com.apple.product-type.bundle.unit-test";
		};
/* End PBXNativeTarget section */

/* Begin PBXProject section */
		F2D03DC42510F59C00E140F0 /* Project object */ = {
			isa = PBXProject;
			attributes = {
				LastSwiftUpdateCheck = 1170;
				LastUpgradeCheck = 1170;
				ORGANIZATIONNAME = "Camile Ancines";
				TargetAttributes = {
					F2D03DCC2510F59C00E140F0 = {
						CreatedOnToolsVersion = 11.7;
						LastSwiftMigration = 1170;
					};
					F2D03DD52510F59C00E140F0 = {
						CreatedOnToolsVersion = 11.7;
						LastSwiftMigration = 1170;
					};
				};
			};
			buildConfigurationList = F2D03DC72510F59C00E140F0 /* Build configuration list for PBXProject "QuizTDDEngine" */;
			compatibilityVersion = "Xcode 9.3";
			developmentRegion = en;
			hasScannedForEncodings = 0;
			knownRegions = (
				en,
				Base,
			);
			mainGroup = F2D03DC32510F59C00E140F0;
			productRefGroup = F2D03DCE2510F59C00E140F0 /* Products */;
			projectDirPath = "";
			projectRoot = "";
			targets = (
				F2D03DCC2510F59C00E140F0 /* QuizTDDEngine */,
				F2D03DD52510F59C00E140F0 /* QuizTDDEngineTests */,
			);
		};
/* End PBXProject section */

/* Begin PBXResourcesBuildPhase section */
		F2D03DCB2510F59C00E140F0 /* Resources */ = {
			isa = PBXResourcesBuildPhase;
			buildActionMask = 2147483647;
			files = (
			);
			runOnlyForDeploymentPostprocessing = 0;
		};
		F2D03DD42510F59C00E140F0 /* Resources */ = {
			isa = PBXResourcesBuildPhase;
			buildActionMask = 2147483647;
			files = (
			);
			runOnlyForDeploymentPostprocessing = 0;
		};
/* End PBXResourcesBuildPhase section */

/* Begin PBXSourcesBuildPhase section */
		F2D03DC92510F59C00E140F0 /* Sources */ = {
			isa = PBXSourcesBuildPhase;
			buildActionMask = 2147483647;
			files = (
				F2D03DEB2510FC5000E140F0 /* Flow.swift in Sources */,
			);
			runOnlyForDeploymentPostprocessing = 0;
		};
		F2D03DD22510F59C00E140F0 /* Sources */ = {
			isa = PBXSourcesBuildPhase;
			buildActionMask = 2147483647;
			files = (
				F2D03DE92510F89800E140F0 /* FlowTest.swift in Sources */,
			);
			runOnlyForDeploymentPostprocessing = 0;
		};
/* End PBXSourcesBuildPhase section */

/* Begin PBXTargetDependency section */
		F2D03DD92510F59C00E140F0 /* PBXTargetDependency */ = {
			isa = PBXTargetDependency;
			target = F2D03DCC2510F59C00E140F0 /* QuizTDDEngine */;
			targetProxy = F2D03DD82510F59C00E140F0 /* PBXContainerItemProxy */;
		};
/* End PBXTargetDependency section */

/* Begin XCBuildConfiguration section */
		F2D03DDF2510F59C00E140F0 /* Debug */ = {
			isa = XCBuildConfiguration;
			buildSettings = {
				ALWAYS_SEARCH_USER_PATHS = NO;
				CLANG_ANALYZER_NONNULL = YES;
				CLANG_ANALYZER_NUMBER_OBJECT_CONVERSION = YES_AGGRESSIVE;
				CLANG_CXX_LANGUAGE_STANDARD = "gnu++14";
				CLANG_CXX_LIBRARY = "libc++";
				CLANG_ENABLE_MODULES = YES;
				CLANG_ENABLE_OBJC_ARC = YES;
				CLANG_ENABLE_OBJC_WEAK = YES;
				CLANG_WARN_BLOCK_CAPTURE_AUTORELEASING = YES;
				CLANG_WARN_BOOL_CONVERSION = YES;
				CLANG_WARN_COMMA = YES;
				CLANG_WARN_CONSTANT_CONVERSION = YES;
				CLANG_WARN_DEPRECATED_OBJC_IMPLEMENTATIONS = YES;
				CLANG_WARN_DIRECT_OBJC_ISA_USAGE = YES_ERROR;
				CLANG_WARN_DOCUMENTATION_COMMENTS = YES;
				CLANG_WARN_EMPTY_BODY = YES;
				CLANG_WARN_ENUM_CONVERSION = YES;
				CLANG_WARN_INFINITE_RECURSION = YES;
				CLANG_WARN_INT_CONVERSION = YES;
				CLANG_WARN_NON_LITERAL_NULL_CONVERSION = YES;
				CLANG_WARN_OBJC_IMPLICIT_RETAIN_SELF = YES;
				CLANG_WARN_OBJC_LITERAL_CONVERSION = YES;
				CLANG_WARN_OBJC_ROOT_CLASS = YES_ERROR;
				CLANG_WARN_RANGE_LOOP_ANALYSIS = YES;
				CLANG_WARN_STRICT_PROTOTYPES = YES;
				CLANG_WARN_SUSPICIOUS_MOVE = YES;
				CLANG_WARN_UNGUARDED_AVAILABILITY = YES_AGGRESSIVE;
				CLANG_WARN_UNREACHABLE_CODE = YES;
				CLANG_WARN__DUPLICATE_METHOD_MATCH = YES;
				COPY_PHASE_STRIP = NO;
				CURRENT_PROJECT_VERSION = 1;
				DEBUG_INFORMATION_FORMAT = dwarf;
				ENABLE_STRICT_OBJC_MSGSEND = YES;
				ENABLE_TESTABILITY = YES;
				GCC_C_LANGUAGE_STANDARD = gnu11;
				GCC_DYNAMIC_NO_PIC = NO;
				GCC_NO_COMMON_BLOCKS = YES;
				GCC_OPTIMIZATION_LEVEL = 0;
				GCC_PREPROCESSOR_DEFINITIONS = (
					"DEBUG=1",
					"$(inherited)",
				);
				GCC_WARN_64_TO_32_BIT_CONVERSION = YES;
				GCC_WARN_ABOUT_RETURN_TYPE = YES_ERROR;
				GCC_WARN_UNDECLARED_SELECTOR = YES;
				GCC_WARN_UNINITIALIZED_AUTOS = YES_AGGRESSIVE;
				GCC_WARN_UNUSED_FUNCTION = YES;
				GCC_WARN_UNUSED_VARIABLE = YES;
				MACOSX_DEPLOYMENT_TARGET = 10.15;
				MTL_ENABLE_DEBUG_INFO = INCLUDE_SOURCE;
				MTL_FAST_MATH = YES;
				ONLY_ACTIVE_ARCH = YES;
				SDKROOT = macosx;
				SWIFT_ACTIVE_COMPILATION_CONDITIONS = DEBUG;
				SWIFT_OPTIMIZATION_LEVEL = "-Onone";
				VERSIONING_SYSTEM = "apple-generic";
				VERSION_INFO_PREFIX = "";
			};
			name = Debug;
		};
		F2D03DE02510F59C00E140F0 /* Release */ = {
			isa = XCBuildConfiguration;
			buildSettings = {
				ALWAYS_SEARCH_USER_PATHS = NO;
				CLANG_ANALYZER_NONNULL = YES;
				CLANG_ANALYZER_NUMBER_OBJECT_CONVERSION = YES_AGGRESSIVE;
				CLANG_CXX_LANGUAGE_STANDARD = "gnu++14";
				CLANG_CXX_LIBRARY = "libc++";
				CLANG_ENABLE_MODULES = YES;
				CLANG_ENABLE_OBJC_ARC = YES;
				CLANG_ENABLE_OBJC_WEAK = YES;
				CLANG_WARN_BLOCK_CAPTURE_AUTORELEASING = YES;
				CLANG_WARN_BOOL_CONVERSION = YES;
				CLANG_WARN_COMMA = YES;
				CLANG_WARN_CONSTANT_CONVERSION = YES;
				CLANG_WARN_DEPRECATED_OBJC_IMPLEMENTATIONS = YES;
				CLANG_WARN_DIRECT_OBJC_ISA_USAGE = YES_ERROR;
				CLANG_WARN_DOCUMENTATION_COMMENTS = YES;
				CLANG_WARN_EMPTY_BODY = YES;
				CLANG_WARN_ENUM_CONVERSION = YES;
				CLANG_WARN_INFINITE_RECURSION = YES;
				CLANG_WARN_INT_CONVERSION = YES;
				CLANG_WARN_NON_LITERAL_NULL_CONVERSION = YES;
				CLANG_WARN_OBJC_IMPLICIT_RETAIN_SELF = YES;
				CLANG_WARN_OBJC_LITERAL_CONVERSION = YES;
				CLANG_WARN_OBJC_ROOT_CLASS = YES_ERROR;
				CLANG_WARN_RANGE_LOOP_ANALYSIS = YES;
				CLANG_WARN_STRICT_PROTOTYPES = YES;
				CLANG_WARN_SUSPICIOUS_MOVE = YES;
				CLANG_WARN_UNGUARDED_AVAILABILITY = YES_AGGRESSIVE;
				CLANG_WARN_UNREACHABLE_CODE = YES;
				CLANG_WARN__DUPLICATE_METHOD_MATCH = YES;
				COPY_PHASE_STRIP = NO;
				CURRENT_PROJECT_VERSION = 1;
				DEBUG_INFORMATION_FORMAT = "dwarf-with-dsym";
				ENABLE_NS_ASSERTIONS = NO;
				ENABLE_STRICT_OBJC_MSGSEND = YES;
				GCC_C_LANGUAGE_STANDARD = gnu11;
				GCC_NO_COMMON_BLOCKS = YES;
				GCC_WARN_64_TO_32_BIT_CONVERSION = YES;
				GCC_WARN_ABOUT_RETURN_TYPE = YES_ERROR;
				GCC_WARN_UNDECLARED_SELECTOR = YES;
				GCC_WARN_UNINITIALIZED_AUTOS = YES_AGGRESSIVE;
				GCC_WARN_UNUSED_FUNCTION = YES;
				GCC_WARN_UNUSED_VARIABLE = YES;
				MACOSX_DEPLOYMENT_TARGET = 10.15;
				MTL_ENABLE_DEBUG_INFO = NO;
				MTL_FAST_MATH = YES;
				SDKROOT = macosx;
				SWIFT_COMPILATION_MODE = wholemodule;
				SWIFT_OPTIMIZATION_LEVEL = "-O";
				VERSIONING_SYSTEM = "apple-generic";
				VERSION_INFO_PREFIX = "";
			};
			name = Release;
		};
		F2D03DE22510F59C00E140F0 /* Debug */ = {
			isa = XCBuildConfiguration;
			buildSettings = {
				CLANG_ENABLE_MODULES = YES;
				CODE_SIGN_STYLE = Automatic;
				COMBINE_HIDPI_IMAGES = YES;
				DEFINES_MODULE = YES;
				DEVELOPMENT_TEAM = WXA8WKRKZW;
				DYLIB_COMPATIBILITY_VERSION = 1;
				DYLIB_CURRENT_VERSION = 1;
				DYLIB_INSTALL_NAME_BASE = "@rpath";
				INFOPLIST_FILE = QuizTDDEngine/Info.plist;
				INSTALL_PATH = "$(LOCAL_LIBRARY_DIR)/Frameworks";
				LD_RUNPATH_SEARCH_PATHS = (
					"$(inherited)",
					"@executable_path/../Frameworks",
					"@loader_path/Frameworks",
				);
				PRODUCT_BUNDLE_IDENTIFIER = camileancines.QuizTDDEngine;
				PRODUCT_NAME = "$(TARGET_NAME:c99extidentifier)";
				SKIP_INSTALL = YES;
				SWIFT_OPTIMIZATION_LEVEL = "-Onone";
				SWIFT_VERSION = 5.0;
			};
			name = Debug;
		};
		F2D03DE32510F59C00E140F0 /* Release */ = {
			isa = XCBuildConfiguration;
			buildSettings = {
				CLANG_ENABLE_MODULES = YES;
				CODE_SIGN_STYLE = Automatic;
				COMBINE_HIDPI_IMAGES = YES;
				DEFINES_MODULE = YES;
				DEVELOPMENT_TEAM = WXA8WKRKZW;
				DYLIB_COMPATIBILITY_VERSION = 1;
				DYLIB_CURRENT_VERSION = 1;
				DYLIB_INSTALL_NAME_BASE = "@rpath";
				INFOPLIST_FILE = QuizTDDEngine/Info.plist;
				INSTALL_PATH = "$(LOCAL_LIBRARY_DIR)/Frameworks";
				LD_RUNPATH_SEARCH_PATHS = (
					"$(inherited)",
					"@executable_path/../Frameworks",
					"@loader_path/Frameworks",
				);
				PRODUCT_BUNDLE_IDENTIFIER = camileancines.QuizTDDEngine;
				PRODUCT_NAME = "$(TARGET_NAME:c99extidentifier)";
				SKIP_INSTALL = YES;
				SWIFT_VERSION = 5.0;
			};
			name = Release;
		};
		F2D03DE52510F59C00E140F0 /* Debug */ = {
			isa = XCBuildConfiguration;
			buildSettings = {
				ALWAYS_EMBED_SWIFT_STANDARD_LIBRARIES = YES;
				CLANG_ENABLE_MODULES = YES;
				CODE_SIGN_STYLE = Automatic;
				COMBINE_HIDPI_IMAGES = YES;
				DEVELOPMENT_TEAM = WXA8WKRKZW;
				INFOPLIST_FILE = QuizTDDEngineTests/Info.plist;
				LD_RUNPATH_SEARCH_PATHS = (
					"$(inherited)",
					"@executable_path/../Frameworks",
					"@loader_path/../Frameworks",
				);
				PRODUCT_BUNDLE_IDENTIFIER = camileancines.QuizTDDEngineTests;
				PRODUCT_NAME = "$(TARGET_NAME)";
				SWIFT_OBJC_BRIDGING_HEADER = "QuizTDDEngineTests/QuizTDDEngineTests-Bridging-Header.h";
				SWIFT_OPTIMIZATION_LEVEL = "-Onone";
				SWIFT_VERSION = 5.0;
			};
			name = Debug;
		};
		F2D03DE62510F59C00E140F0 /* Release */ = {
			isa = XCBuildConfiguration;
			buildSettings = {
				ALWAYS_EMBED_SWIFT_STANDARD_LIBRARIES = YES;
				CLANG_ENABLE_MODULES = YES;
				CODE_SIGN_STYLE = Automatic;
				COMBINE_HIDPI_IMAGES = YES;
				DEVELOPMENT_TEAM = WXA8WKRKZW;
				INFOPLIST_FILE = QuizTDDEngineTests/Info.plist;
				LD_RUNPATH_SEARCH_PATHS = (
					"$(inherited)",
					"@executable_path/../Frameworks",
					"@loader_path/../Frameworks",
				);
				PRODUCT_BUNDLE_IDENTIFIER = camileancines.QuizTDDEngineTests;
				PRODUCT_NAME = "$(TARGET_NAME)";
				SWIFT_OBJC_BRIDGING_HEADER = "QuizTDDEngineTests/QuizTDDEngineTests-Bridging-Header.h";
				SWIFT_VERSION = 5.0;
			};
			name = Release;
		};
/* End XCBuildConfiguration section */

/* Begin XCConfigurationList section */
		F2D03DC72510F59C00E140F0 /* Build configuration list for PBXProject "QuizTDDEngine" */ = {
			isa = XCConfigurationList;
			buildConfigurations = (
				F2D03DDF2510F59C00E140F0 /* Debug */,
				F2D03DE02510F59C00E140F0 /* Release */,
			);
			defaultConfigurationIsVisible = 0;
			defaultConfigurationName = Release;
		};
		F2D03DE12510F59C00E140F0 /* Build configuration list for PBXNativeTarget "QuizTDDEngine" */ = {
			isa = XCConfigurationList;
			buildConfigurations = (
				F2D03DE22510F59C00E140F0 /* Debug */,
				F2D03DE32510F59C00E140F0 /* Release */,
			);
			defaultConfigurationIsVisible = 0;
			defaultConfigurationName = Release;
		};
		F2D03DE42510F59C00E140F0 /* Build configuration list for PBXNativeTarget "QuizTDDEngineTests" */ = {
			isa = XCConfigurationList;
			buildConfigurations = (
				F2D03DE52510F59C00E140F0 /* Debug */,
				F2D03DE62510F59C00E140F0 /* Release */,
			);
			defaultConfigurationIsVisible = 0;
			defaultConfigurationName = Release;
		};
/* End XCConfigurationList section */
	};
	rootObject = F2D03DC42510F59C00E140F0 /* Project object */;
}
